
Microsoft Visual Studio Solution File, Format Version 11.00
# Visual Studio 2010
Project("{FAE04EC0-301F-11D3-BF4B-00C04F79EFBC}") = "006_Bremswegrechner", "006_Bremswegrechner\006_Bremswegrechner.csproj", "{B3BC0289-C2E7-4E3E-B493-64FA0587EE44}"
EndProject
Global
	GlobalSection(SolutionConfigurationPlatforms) = preSolution
		Debug|x86 = Debug|x86
		Release|x86 = Release|x86
	EndGlobalSection
	GlobalSection(ProjectConfigurationPlatforms) = postSolution
		{B3BC0289-C2E7-4E3E-B493-64FA0587EE44}.Debug|x86.ActiveCfg = Debug|x86
		{B3BC0289-C2E7-4E3E-B493-64FA0587EE44}.Debug|x86.Build.0 = Debug|x86
		{B3BC0289-C2E7-4E3E-B493-64FA0587EE44}.Release|x86.ActiveCfg = Release|x86
		{B3BC0289-C2E7-4E3E-B493-64FA0587EE44}.Release|x86.Build.0 = Release|x86
	EndGlobalSection
	GlobalSection(SolutionProperties) = preSolution
		HideSolutionNode = FALSE
	EndGlobalSection
EndGlobal
