
Microsoft Visual Studio Solution File, Format Version 12.00
# Visual Studio 15
VisualStudioVersion = 15.0.28010.2036
MinimumVisualStudioVersion = 10.0.40219.1
Project("{FAE04EC0-301F-11D3-BF4B-00C04F79EFBC}") = "020_Wochentagrechner", "020_Wochentagrechner\020_Wochentagrechner.csproj", "{C2E41F53-E555-4CAA-A087-2EF12178B492}"
EndProject
Global
	GlobalSection(SolutionConfigurationPlatforms) = preSolution
		Debug|Any CPU = Debug|Any CPU
		Release|Any CPU = Release|Any CPU
	EndGlobalSection
	GlobalSection(ProjectConfigurationPlatforms) = postSolution
		{C2E41F53-E555-4CAA-A087-2EF12178B492}.Debug|Any CPU.ActiveCfg = Debug|Any CPU
		{C2E41F53-E555-4CAA-A087-2EF12178B492}.Debug|Any CPU.Build.0 = Debug|Any CPU
		{C2E41F53-E555-4CAA-A087-2EF12178B492}.Release|Any CPU.ActiveCfg = Release|Any CPU
		{C2E41F53-E555-4CAA-A087-2EF12178B492}.Release|Any CPU.Build.0 = Release|Any CPU
	EndGlobalSection
	GlobalSection(SolutionProperties) = preSolution
		HideSolutionNode = FALSE
	EndGlobalSection
	GlobalSection(ExtensibilityGlobals) = postSolution
		SolutionGuid = {4051EB6A-5C56-4FE0-B1CA-4B8599BB5284}
	EndGlobalSection
EndGlobal
