
Microsoft Visual Studio Solution File, Format Version 12.00
# Visual Studio 15
VisualStudioVersion = 15.0.28010.2036
MinimumVisualStudioVersion = 10.0.40219.1
Project("{FAE04EC0-301F-11D3-BF4B-00C04F79EFBC}") = "031_OOP", "031_OOP\031_OOP.csproj", "{24E2D200-F3B3-4C22-A158-4D7DFD586B3C}"
EndProject
Project("{2150E333-8FDC-42A3-9474-1A3956D46DE8}") = "Solution Items", "Solution Items", "{FD324BDB-D1DC-4517-B9D4-B9EB3AC7DECD}"
EndProject
Global
	GlobalSection(SolutionConfigurationPlatforms) = preSolution
		Debug|Any CPU = Debug|Any CPU
		Release|Any CPU = Release|Any CPU
	EndGlobalSection
	GlobalSection(ProjectConfigurationPlatforms) = postSolution
		{24E2D200-F3B3-4C22-A158-4D7DFD586B3C}.Debug|Any CPU.ActiveCfg = Debug|Any CPU
		{24E2D200-F3B3-4C22-A158-4D7DFD586B3C}.Debug|Any CPU.Build.0 = Debug|Any CPU
		{24E2D200-F3B3-4C22-A158-4D7DFD586B3C}.Release|Any CPU.ActiveCfg = Release|Any CPU
		{24E2D200-F3B3-4C22-A158-4D7DFD586B3C}.Release|Any CPU.Build.0 = Release|Any CPU
	EndGlobalSection
	GlobalSection(SolutionProperties) = preSolution
		HideSolutionNode = FALSE
	EndGlobalSection
	GlobalSection(ExtensibilityGlobals) = postSolution
		SolutionGuid = {2C087687-56C6-4D21-A0DE-E471DFEE1C59}
	EndGlobalSection
EndGlobal
