
Microsoft Visual Studio Solution File, Format Version 12.00
# Visual Studio 15
VisualStudioVersion = 15.0.28010.2036
MinimumVisualStudioVersion = 10.0.40219.1
Project("{FAE04EC0-301F-11D3-BF4B-00C04F79EFBC}") = "034_SchA1_test", "034_SchA1_test\034_SchA1_test.csproj", "{16B0F518-89C7-4F63-AFBB-73C0596133FB}"
EndProject
Global
	GlobalSection(SolutionConfigurationPlatforms) = preSolution
		Debug|Any CPU = Debug|Any CPU
		Release|Any CPU = Release|Any CPU
	EndGlobalSection
	GlobalSection(ProjectConfigurationPlatforms) = postSolution
		{16B0F518-89C7-4F63-AFBB-73C0596133FB}.Debug|Any CPU.ActiveCfg = Debug|Any CPU
		{16B0F518-89C7-4F63-AFBB-73C0596133FB}.Debug|Any CPU.Build.0 = Debug|Any CPU
		{16B0F518-89C7-4F63-AFBB-73C0596133FB}.Release|Any CPU.ActiveCfg = Release|Any CPU
		{16B0F518-89C7-4F63-AFBB-73C0596133FB}.Release|Any CPU.Build.0 = Release|Any CPU
	EndGlobalSection
	GlobalSection(SolutionProperties) = preSolution
		HideSolutionNode = FALSE
	EndGlobalSection
	GlobalSection(ExtensibilityGlobals) = postSolution
		SolutionGuid = {2B9476F0-290A-4265-A4D7-80316A3D7096}
	EndGlobalSection
EndGlobal
