
Microsoft Visual Studio Solution File, Format Version 12.00
# Visual Studio 15
VisualStudioVersion = 15.0.28010.2036
MinimumVisualStudioVersion = 10.0.40219.1
Project("{FAE04EC0-301F-11D3-BF4B-00C04F79EFBC}") = "038_Listen", "038_Listen\038_Listen.csproj", "{0E96FF8F-CD77-448A-AC64-45A439935A56}"
EndProject
Global
	GlobalSection(SolutionConfigurationPlatforms) = preSolution
		Debug|Any CPU = Debug|Any CPU
		Release|Any CPU = Release|Any CPU
	EndGlobalSection
	GlobalSection(ProjectConfigurationPlatforms) = postSolution
		{0E96FF8F-CD77-448A-AC64-45A439935A56}.Debug|Any CPU.ActiveCfg = Debug|Any CPU
		{0E96FF8F-CD77-448A-AC64-45A439935A56}.Debug|Any CPU.Build.0 = Debug|Any CPU
		{0E96FF8F-CD77-448A-AC64-45A439935A56}.Release|Any CPU.ActiveCfg = Release|Any CPU
		{0E96FF8F-CD77-448A-AC64-45A439935A56}.Release|Any CPU.Build.0 = Release|Any CPU
	EndGlobalSection
	GlobalSection(SolutionProperties) = preSolution
		HideSolutionNode = FALSE
	EndGlobalSection
	GlobalSection(ExtensibilityGlobals) = postSolution
		SolutionGuid = {6066C297-F069-48FC-B710-B72434698C41}
	EndGlobalSection
EndGlobal
