
Microsoft Visual Studio Solution File, Format Version 12.00
# Visual Studio 15
VisualStudioVersion = 15.0.28010.2036
MinimumVisualStudioVersion = 10.0.40219.1
Project("{FAE04EC0-301F-11D3-BF4B-00C04F79EFBC}") = "023_Dateizugriff", "023_Dateizugriff\023_Dateizugriff.csproj", "{10DB7129-41D9-4EA5-84E1-B0DB4FF43CE4}"
EndProject
Global
	GlobalSection(SolutionConfigurationPlatforms) = preSolution
		Debug|Any CPU = Debug|Any CPU
		Release|Any CPU = Release|Any CPU
	EndGlobalSection
	GlobalSection(ProjectConfigurationPlatforms) = postSolution
		{10DB7129-41D9-4EA5-84E1-B0DB4FF43CE4}.Debug|Any CPU.ActiveCfg = Debug|Any CPU
		{10DB7129-41D9-4EA5-84E1-B0DB4FF43CE4}.Debug|Any CPU.Build.0 = Debug|Any CPU
		{10DB7129-41D9-4EA5-84E1-B0DB4FF43CE4}.Release|Any CPU.ActiveCfg = Release|Any CPU
		{10DB7129-41D9-4EA5-84E1-B0DB4FF43CE4}.Release|Any CPU.Build.0 = Release|Any CPU
	EndGlobalSection
	GlobalSection(SolutionProperties) = preSolution
		HideSolutionNode = FALSE
	EndGlobalSection
	GlobalSection(ExtensibilityGlobals) = postSolution
		SolutionGuid = {D64210D9-05EF-457C-977F-314B0AF89E9F}
	EndGlobalSection
EndGlobal
